
Microsoft Visual Studio Solution File, Format Version 12.00
# Visual Studio Version 17
VisualStudioVersion = 17.10.34607.79
MinimumVisualStudioVersion = 10.0.40219.1
Project("{9A19103F-16F7-4668-BE54-9A1E7A4F7556}") = "CQRSPlus", "CQRSPlus\CQRSPlus.csproj", "{1783C317-BE1C-4292-B298-1039AEE55329}"
EndProject
Global
	GlobalSection(SolutionConfigurationPlatforms) = preSolution
		Debug|Any CPU = Debug|Any CPU
		Release|Any CPU = Release|Any CPU
	EndGlobalSection
	GlobalSection(ProjectConfigurationPlatforms) = postSolution
		{1783C317-BE1C-4292-B298-1039AEE55329}.Debug|Any CPU.ActiveCfg = Debug|Any CPU
		{1783C317-BE1C-4292-B298-1039AEE55329}.Debug|Any CPU.Build.0 = Debug|Any CPU
		{1783C317-BE1C-4292-B298-1039AEE55329}.Release|Any CPU.ActiveCfg = Release|Any CPU
		{1783C317-BE1C-4292-B298-1039AEE55329}.Release|Any CPU.Build.0 = Release|Any CPU
	EndGlobalSection
	GlobalSection(SolutionProperties) = preSolution
		HideSolutionNode = FALSE
	EndGlobalSection
	GlobalSection(ExtensibilityGlobals) = postSolution
		SolutionGuid = {34490B40-DCF5-4F48-A73B-3B24B82FEF7A}
	EndGlobalSection
EndGlobal
