
Microsoft Visual Studio Solution File, Format Version 12.00
# Visual Studio Version 17
VisualStudioVersion = 17.10.34607.79
MinimumVisualStudioVersion = 10.0.40219.1
Project("{9A19103F-16F7-4668-BE54-9A1E7A4F7556}") = "CQRSPlus", "CQRSPlus\CQRSPlus.csproj", "{1783C317-BE1C-4292-B298-1039AEE55329}"
EndProject
Project("{9A19103F-16F7-4668-BE54-9A1E7A4F7556}") = "CQRSPlus.Contracts", "CQRSPlus.Contracts\CQRSPlus.Contracts.csproj", "{0529442B-93AF-42F2-81E1-79EE8AF15AAA}"
EndProject
Project("{9A19103F-16F7-4668-BE54-9A1E7A4F7556}") = "CQRSPlus.LoggerService", "CQRSPlus.LoggerService\CQRSPlus.LoggerService.csproj", "{2E8C44E5-C526-4187-9E7F-6F2EC57D294F}"
EndProject
Project("{9A19103F-16F7-4668-BE54-9A1E7A4F7556}") = "CQRSPlus.Entities", "CQRSPlus.Entities\CQRSPlus.Entities.csproj", "{597A8223-0E76-4624-AFD6-169D73CAD93A}"
EndProject
Project("{9A19103F-16F7-4668-BE54-9A1E7A4F7556}") = "CQRSPlus.Repository", "CQRSPlus.Repository\CQRSPlus.Repository.csproj", "{A6239185-F98B-4072-930A-25CDC007DE5A}"
EndProject
Project("{9A19103F-16F7-4668-BE54-9A1E7A4F7556}") = "CQRSPlus.Service.Contracts", "CQRSPlus.Service.Contracts\CQRSPlus.Service.Contracts.csproj", "{DFA58FC6-A9AF-481F-983D-A093B38AEE07}"
EndProject
Project("{9A19103F-16F7-4668-BE54-9A1E7A4F7556}") = "CQRSPlus.Service", "CQRSPlus.Service\CQRSPlus.Service.csproj", "{0D8C9640-236A-4099-B278-DE3CE393433B}"
EndProject
Project("{FAE04EC0-301F-11D3-BF4B-00C04F79EFBC}") = "CQRSPlus.Presentation", "CQRSPlus.Presentation\CQRSPlus.Presentation.csproj", "{43873638-57AC-407B-9C6F-38D8F15F23DE}"
EndProject
Project("{FAE04EC0-301F-11D3-BF4B-00C04F79EFBC}") = "CQRSPlus.Shared", "CQRSPlus.Shared\CQRSPlus.Shared.csproj", "{52B83764-07AE-49A9-850D-78EA862FB52C}"
EndProject
Global
	GlobalSection(SolutionConfigurationPlatforms) = preSolution
		Debug|Any CPU = Debug|Any CPU
		Release|Any CPU = Release|Any CPU
	EndGlobalSection
	GlobalSection(ProjectConfigurationPlatforms) = postSolution
		{1783C317-BE1C-4292-B298-1039AEE55329}.Debug|Any CPU.ActiveCfg = Debug|Any CPU
		{1783C317-BE1C-4292-B298-1039AEE55329}.Debug|Any CPU.Build.0 = Debug|Any CPU
		{1783C317-BE1C-4292-B298-1039AEE55329}.Release|Any CPU.ActiveCfg = Release|Any CPU
		{1783C317-BE1C-4292-B298-1039AEE55329}.Release|Any CPU.Build.0 = Release|Any CPU
		{0529442B-93AF-42F2-81E1-79EE8AF15AAA}.Debug|Any CPU.ActiveCfg = Debug|Any CPU
		{0529442B-93AF-42F2-81E1-79EE8AF15AAA}.Debug|Any CPU.Build.0 = Debug|Any CPU
		{0529442B-93AF-42F2-81E1-79EE8AF15AAA}.Release|Any CPU.ActiveCfg = Release|Any CPU
		{0529442B-93AF-42F2-81E1-79EE8AF15AAA}.Release|Any CPU.Build.0 = Release|Any CPU
		{2E8C44E5-C526-4187-9E7F-6F2EC57D294F}.Debug|Any CPU.ActiveCfg = Debug|Any CPU
		{2E8C44E5-C526-4187-9E7F-6F2EC57D294F}.Debug|Any CPU.Build.0 = Debug|Any CPU
		{2E8C44E5-C526-4187-9E7F-6F2EC57D294F}.Release|Any CPU.ActiveCfg = Release|Any CPU
		{2E8C44E5-C526-4187-9E7F-6F2EC57D294F}.Release|Any CPU.Build.0 = Release|Any CPU
		{597A8223-0E76-4624-AFD6-169D73CAD93A}.Debug|Any CPU.ActiveCfg = Debug|Any CPU
		{597A8223-0E76-4624-AFD6-169D73CAD93A}.Debug|Any CPU.Build.0 = Debug|Any CPU
		{597A8223-0E76-4624-AFD6-169D73CAD93A}.Release|Any CPU.ActiveCfg = Release|Any CPU
		{597A8223-0E76-4624-AFD6-169D73CAD93A}.Release|Any CPU.Build.0 = Release|Any CPU
		{A6239185-F98B-4072-930A-25CDC007DE5A}.Debug|Any CPU.ActiveCfg = Debug|Any CPU
		{A6239185-F98B-4072-930A-25CDC007DE5A}.Debug|Any CPU.Build.0 = Debug|Any CPU
		{A6239185-F98B-4072-930A-25CDC007DE5A}.Release|Any CPU.ActiveCfg = Release|Any CPU
		{A6239185-F98B-4072-930A-25CDC007DE5A}.Release|Any CPU.Build.0 = Release|Any CPU
		{DFA58FC6-A9AF-481F-983D-A093B38AEE07}.Debug|Any CPU.ActiveCfg = Debug|Any CPU
		{DFA58FC6-A9AF-481F-983D-A093B38AEE07}.Debug|Any CPU.Build.0 = Debug|Any CPU
		{DFA58FC6-A9AF-481F-983D-A093B38AEE07}.Release|Any CPU.ActiveCfg = Release|Any CPU
		{DFA58FC6-A9AF-481F-983D-A093B38AEE07}.Release|Any CPU.Build.0 = Release|Any CPU
		{0D8C9640-236A-4099-B278-DE3CE393433B}.Debug|Any CPU.ActiveCfg = Debug|Any CPU
		{0D8C9640-236A-4099-B278-DE3CE393433B}.Debug|Any CPU.Build.0 = Debug|Any CPU
		{0D8C9640-236A-4099-B278-DE3CE393433B}.Release|Any CPU.ActiveCfg = Release|Any CPU
		{0D8C9640-236A-4099-B278-DE3CE393433B}.Release|Any CPU.Build.0 = Release|Any CPU
		{43873638-57AC-407B-9C6F-38D8F15F23DE}.Debug|Any CPU.ActiveCfg = Debug|Any CPU
		{43873638-57AC-407B-9C6F-38D8F15F23DE}.Debug|Any CPU.Build.0 = Debug|Any CPU
		{43873638-57AC-407B-9C6F-38D8F15F23DE}.Release|Any CPU.ActiveCfg = Release|Any CPU
		{43873638-57AC-407B-9C6F-38D8F15F23DE}.Release|Any CPU.Build.0 = Release|Any CPU
		{52B83764-07AE-49A9-850D-78EA862FB52C}.Debug|Any CPU.ActiveCfg = Debug|Any CPU
		{52B83764-07AE-49A9-850D-78EA862FB52C}.Debug|Any CPU.Build.0 = Debug|Any CPU
		{52B83764-07AE-49A9-850D-78EA862FB52C}.Release|Any CPU.ActiveCfg = Release|Any CPU
		{52B83764-07AE-49A9-850D-78EA862FB52C}.Release|Any CPU.Build.0 = Release|Any CPU
	EndGlobalSection
	GlobalSection(SolutionProperties) = preSolution
		HideSolutionNode = FALSE
	EndGlobalSection
	GlobalSection(ExtensibilityGlobals) = postSolution
		SolutionGuid = {34490B40-DCF5-4F48-A73B-3B24B82FEF7A}
	EndGlobalSection
EndGlobal
